
Microsoft Visual Studio Solution File, Format Version 12.00
# Visual Studio Version 16
VisualStudioVersion = 16.0.29613.14
MinimumVisualStudioVersion = 10.0.40219.1
Project("{FAE04EC0-301F-11D3-BF4B-00C04F79EFBC}") = "TrainBerthPosition.Android", "TrainBerthPosition\TrainBerthPosition.Android\TrainBerthPosition.Android.csproj", "{190E33D0-93DB-4312-B06D-48B2FA759637}"
EndProject
Project("{FAE04EC0-301F-11D3-BF4B-00C04F79EFBC}") = "TrainBerthPosition.iOS", "TrainBerthPosition\TrainBerthPosition.iOS\TrainBerthPosition.iOS.csproj", "{A1E60750-CF75-4665-8753-C1BE33D34D2F}"
EndProject
Project("{FAE04EC0-301F-11D3-BF4B-00C04F79EFBC}") = "TrainBerthPosition", "TrainBerthPosition\TrainBerthPosition\TrainBerthPosition.csproj", "{CA8AE1EE-E5F9-4F39-A1E8-31F87DFFC4CF}"
EndProject
Global
	GlobalSection(SolutionConfigurationPlatforms) = preSolution
		Debug|Any CPU = Debug|Any CPU
		Debug|iPhone = Debug|iPhone
		Debug|iPhoneSimulator = Debug|iPhoneSimulator
		Release|Any CPU = Release|Any CPU
		Release|iPhone = Release|iPhone
		Release|iPhoneSimulator = Release|iPhoneSimulator
	EndGlobalSection
	GlobalSection(ProjectConfigurationPlatforms) = postSolution
		{190E33D0-93DB-4312-B06D-48B2FA759637}.Debug|Any CPU.ActiveCfg = Debug|Any CPU
		{190E33D0-93DB-4312-B06D-48B2FA759637}.Debug|Any CPU.Build.0 = Debug|Any CPU
		{190E33D0-93DB-4312-B06D-48B2FA759637}.Debug|Any CPU.Deploy.0 = Debug|Any CPU
		{190E33D0-93DB-4312-B06D-48B2FA759637}.Debug|iPhone.ActiveCfg = Debug|Any CPU
		{190E33D0-93DB-4312-B06D-48B2FA759637}.Debug|iPhone.Build.0 = Debug|Any CPU
		{190E33D0-93DB-4312-B06D-48B2FA759637}.Debug|iPhone.Deploy.0 = Debug|Any CPU
		{190E33D0-93DB-4312-B06D-48B2FA759637}.Debug|iPhoneSimulator.ActiveCfg = Debug|Any CPU
		{190E33D0-93DB-4312-B06D-48B2FA759637}.Debug|iPhoneSimulator.Build.0 = Debug|Any CPU
		{190E33D0-93DB-4312-B06D-48B2FA759637}.Debug|iPhoneSimulator.Deploy.0 = Debug|Any CPU
		{190E33D0-93DB-4312-B06D-48B2FA759637}.Release|Any CPU.ActiveCfg = Release|Any CPU
		{190E33D0-93DB-4312-B06D-48B2FA759637}.Release|Any CPU.Build.0 = Release|Any CPU
		{190E33D0-93DB-4312-B06D-48B2FA759637}.Release|Any CPU.Deploy.0 = Release|Any CPU
		{190E33D0-93DB-4312-B06D-48B2FA759637}.Release|iPhone.ActiveCfg = Release|Any CPU
		{190E33D0-93DB-4312-B06D-48B2FA759637}.Release|iPhone.Build.0 = Release|Any CPU
		{190E33D0-93DB-4312-B06D-48B2FA759637}.Release|iPhone.Deploy.0 = Release|Any CPU
		{190E33D0-93DB-4312-B06D-48B2FA759637}.Release|iPhoneSimulator.ActiveCfg = Release|Any CPU
		{190E33D0-93DB-4312-B06D-48B2FA759637}.Release|iPhoneSimulator.Build.0 = Release|Any CPU
		{190E33D0-93DB-4312-B06D-48B2FA759637}.Release|iPhoneSimulator.Deploy.0 = Release|Any CPU
		{A1E60750-CF75-4665-8753-C1BE33D34D2F}.Debug|Any CPU.ActiveCfg = Debug|iPhoneSimulator
		{A1E60750-CF75-4665-8753-C1BE33D34D2F}.Debug|Any CPU.Build.0 = Debug|iPhoneSimulator
		{A1E60750-CF75-4665-8753-C1BE33D34D2F}.Debug|Any CPU.Deploy.0 = Debug|iPhoneSimulator
		{A1E60750-CF75-4665-8753-C1BE33D34D2F}.Debug|iPhone.ActiveCfg = Debug|iPhone
		{A1E60750-CF75-4665-8753-C1BE33D34D2F}.Debug|iPhone.Build.0 = Debug|iPhone
		{A1E60750-CF75-4665-8753-C1BE33D34D2F}.Debug|iPhone.Deploy.0 = Debug|iPhone
		{A1E60750-CF75-4665-8753-C1BE33D34D2F}.Debug|iPhoneSimulator.ActiveCfg = Debug|iPhoneSimulator
		{A1E60750-CF75-4665-8753-C1BE33D34D2F}.Debug|iPhoneSimulator.Build.0 = Debug|iPhoneSimulator
		{A1E60750-CF75-4665-8753-C1BE33D34D2F}.Debug|iPhoneSimulator.Deploy.0 = Debug|iPhoneSimulator
		{A1E60750-CF75-4665-8753-C1BE33D34D2F}.Release|Any CPU.ActiveCfg = Release|iPhone
		{A1E60750-CF75-4665-8753-C1BE33D34D2F}.Release|Any CPU.Build.0 = Release|iPhone
		{A1E60750-CF75-4665-8753-C1BE33D34D2F}.Release|Any CPU.Deploy.0 = Release|iPhone
		{A1E60750-CF75-4665-8753-C1BE33D34D2F}.Release|iPhone.ActiveCfg = Release|iPhone
		{A1E60750-CF75-4665-8753-C1BE33D34D2F}.Release|iPhone.Build.0 = Release|iPhone
		{A1E60750-CF75-4665-8753-C1BE33D34D2F}.Release|iPhone.Deploy.0 = Release|iPhone
		{A1E60750-CF75-4665-8753-C1BE33D34D2F}.Release|iPhoneSimulator.ActiveCfg = Release|iPhoneSimulator
		{A1E60750-CF75-4665-8753-C1BE33D34D2F}.Release|iPhoneSimulator.Build.0 = Release|iPhoneSimulator
		{A1E60750-CF75-4665-8753-C1BE33D34D2F}.Release|iPhoneSimulator.Deploy.0 = Release|iPhoneSimulator
		{CA8AE1EE-E5F9-4F39-A1E8-31F87DFFC4CF}.Debug|Any CPU.ActiveCfg = Debug|Any CPU
		{CA8AE1EE-E5F9-4F39-A1E8-31F87DFFC4CF}.Debug|Any CPU.Build.0 = Debug|Any CPU
		{CA8AE1EE-E5F9-4F39-A1E8-31F87DFFC4CF}.Debug|Any CPU.Deploy.0 = Debug|Any CPU
		{CA8AE1EE-E5F9-4F39-A1E8-31F87DFFC4CF}.Debug|iPhone.ActiveCfg = Debug|Any CPU
		{CA8AE1EE-E5F9-4F39-A1E8-31F87DFFC4CF}.Debug|iPhone.Build.0 = Debug|Any CPU
		{CA8AE1EE-E5F9-4F39-A1E8-31F87DFFC4CF}.Debug|iPhone.Deploy.0 = Debug|Any CPU
		{CA8AE1EE-E5F9-4F39-A1E8-31F87DFFC4CF}.Debug|iPhoneSimulator.ActiveCfg = Debug|Any CPU
		{CA8AE1EE-E5F9-4F39-A1E8-31F87DFFC4CF}.Debug|iPhoneSimulator.Build.0 = Debug|Any CPU
		{CA8AE1EE-E5F9-4F39-A1E8-31F87DFFC4CF}.Debug|iPhoneSimulator.Deploy.0 = Debug|Any CPU
		{CA8AE1EE-E5F9-4F39-A1E8-31F87DFFC4CF}.Release|Any CPU.ActiveCfg = Release|Any CPU
		{CA8AE1EE-E5F9-4F39-A1E8-31F87DFFC4CF}.Release|Any CPU.Build.0 = Release|Any CPU
		{CA8AE1EE-E5F9-4F39-A1E8-31F87DFFC4CF}.Release|Any CPU.Deploy.0 = Release|Any CPU
		{CA8AE1EE-E5F9-4F39-A1E8-31F87DFFC4CF}.Release|iPhone.ActiveCfg = Release|Any CPU
		{CA8AE1EE-E5F9-4F39-A1E8-31F87DFFC4CF}.Release|iPhone.Build.0 = Release|Any CPU
		{CA8AE1EE-E5F9-4F39-A1E8-31F87DFFC4CF}.Release|iPhone.Deploy.0 = Release|Any CPU
		{CA8AE1EE-E5F9-4F39-A1E8-31F87DFFC4CF}.Release|iPhoneSimulator.ActiveCfg = Release|Any CPU
		{CA8AE1EE-E5F9-4F39-A1E8-31F87DFFC4CF}.Release|iPhoneSimulator.Build.0 = Release|Any CPU
		{CA8AE1EE-E5F9-4F39-A1E8-31F87DFFC4CF}.Release|iPhoneSimulator.Deploy.0 = Release|Any CPU
	EndGlobalSection
	GlobalSection(SolutionProperties) = preSolution
		HideSolutionNode = FALSE
	EndGlobalSection
	GlobalSection(ExtensibilityGlobals) = postSolution
		SolutionGuid = {EC5979F2-4900-4243-A12F-BB06B8AD9B88}
	EndGlobalSection
EndGlobal
